
Microsoft Visual Studio Solution File, Format Version 12.00
# Visual Studio Version 17
VisualStudioVersion = 17.4.33205.214
MinimumVisualStudioVersion = 10.0.40219.1
Project("{9A19103F-16F7-4668-BE54-9A1E7A4F7556}") = "Channeler", "Channeler\Channeler.csproj", "{E3BEAC53-75AD-4130-99E4-B6BC6AC40AF9}"
EndProject
Global
	GlobalSection(SolutionConfigurationPlatforms) = preSolution
		Debug|Any CPU = Debug|Any CPU
		Debug|x64 = Debug|x64
		Release|Any CPU = Release|Any CPU
		Release|x64 = Release|x64
	EndGlobalSection
	GlobalSection(ProjectConfigurationPlatforms) = postSolution
		{E3BEAC53-75AD-4130-99E4-B6BC6AC40AF9}.Debug|Any CPU.ActiveCfg = Debug|Any CPU
		{E3BEAC53-75AD-4130-99E4-B6BC6AC40AF9}.Debug|Any CPU.Build.0 = Debug|Any CPU
		{E3BEAC53-75AD-4130-99E4-B6BC6AC40AF9}.Debug|x64.ActiveCfg = Debug|x64
		{E3BEAC53-75AD-4130-99E4-B6BC6AC40AF9}.Debug|x64.Build.0 = Debug|x64
		{E3BEAC53-75AD-4130-99E4-B6BC6AC40AF9}.Release|Any CPU.ActiveCfg = Release|Any CPU
		{E3BEAC53-75AD-4130-99E4-B6BC6AC40AF9}.Release|Any CPU.Build.0 = Release|Any CPU
		{E3BEAC53-75AD-4130-99E4-B6BC6AC40AF9}.Release|x64.ActiveCfg = Release|x64
		{E3BEAC53-75AD-4130-99E4-B6BC6AC40AF9}.Release|x64.Build.0 = Release|x64
	EndGlobalSection
	GlobalSection(SolutionProperties) = preSolution
		HideSolutionNode = FALSE
	EndGlobalSection
	GlobalSection(ExtensibilityGlobals) = postSolution
		SolutionGuid = {9692DAF0-F717-4BB7-B5E0-FC368C617C0B}
	EndGlobalSection
EndGlobal
